
Microsoft Visual Studio Solution File, Format Version 12.00
# Visual Studio Version 16
VisualStudioVersion = 16.0.29806.167
MinimumVisualStudioVersion = 10.0.40219.1
Project("{FAE04EC0-301F-11D3-BF4B-00C04F79EFBC}") = "justforyou Excel", "justforyou Excel.csproj", "{C097C647-7F8D-4134-B1D5-89DED93FE631}"
EndProject
Global
	GlobalSection(SolutionConfigurationPlatforms) = preSolution
		Debug|Any CPU = Debug|Any CPU
		Release|Any CPU = Release|Any CPU
	EndGlobalSection
	GlobalSection(ProjectConfigurationPlatforms) = postSolution
		{C097C647-7F8D-4134-B1D5-89DED93FE631}.Debug|Any CPU.ActiveCfg = Debug|Any CPU
		{C097C647-7F8D-4134-B1D5-89DED93FE631}.Debug|Any CPU.Build.0 = Debug|Any CPU
		{C097C647-7F8D-4134-B1D5-89DED93FE631}.Release|Any CPU.ActiveCfg = Release|Any CPU
		{C097C647-7F8D-4134-B1D5-89DED93FE631}.Release|Any CPU.Build.0 = Release|Any CPU
	EndGlobalSection
	GlobalSection(SolutionProperties) = preSolution
		HideSolutionNode = FALSE
	EndGlobalSection
	GlobalSection(ExtensibilityGlobals) = postSolution
		SolutionGuid = {445CA4D7-8257-4472-B13E-AB3FF1936D06}
	EndGlobalSection
EndGlobal
